// !$*UTF8*$!
{
	archiveVersion = 1;
	classes = {
	};
	objectVersion = 50;
	objects = {

/* Begin PBXBuildFile section */
		1FF37BD12267A2070098AD23 /* AppDelegate.swift in Sources */ = {isa = PBXBuildFile; fileRef = 1FF37BD02267A2070098AD23 /* AppDelegate.swift */; };
		1FF37BD62267A2070098AD23 /* Main.storyboard in Resources */ = {isa = PBXBuildFile; fileRef = 1FF37BD42267A2070098AD23 /* Main.storyboard */; };
		1FF37BD82267A20A0098AD23 /* Assets.xcassets in Resources */ = {isa = PBXBuildFile; fileRef = 1FF37BD72267A20A0098AD23 /* Assets.xcassets */; };
		1FF37BDB2267A20A0098AD23 /* LaunchScreen.storyboard in Resources */ = {isa = PBXBuildFile; fileRef = 1FF37BD92267A20A0098AD23 /* LaunchScreen.storyboard */; };
		1FF37BE32267A30D0098AD23 /* CountingNavigationController.swift in Sources */ = {isa = PBXBuildFile; fileRef = 1FF37BE22267A30D0098AD23 /* CountingNavigationController.swift */; };
		1FF37BE52267A34E0098AD23 /* GenericViewController.swift in Sources */ = {isa = PBXBuildFile; fileRef = 1FF37BE42267A34E0098AD23 /* GenericViewController.swift */; };
/* End PBXBuildFile section */

/* Begin PBXFileReference section */
		1FF37BCD2267A2070098AD23 /* Lab12-AdvancedStoryboard.app */ = {isa = PBXFileReference; explicitFileType = wrapper.application; includeInIndex = 0; path = "Lab12-AdvancedStoryboard.app"; sourceTree = BUILT_PRODUCTS_DIR; };
		1FF37BD02267A2070098AD23 /* AppDelegate.swift */ = {isa = PBXFileReference; lastKnownFileType = sourcecode.swift; path = AppDelegate.swift; sourceTree = "<group>"; };
		1FF37BD52267A2070098AD23 /* Base */ = {isa = PBXFileReference; lastKnownFileType = file.storyboard; name = Base; path = Base.lproj/Main.storyboard; sourceTree = "<group>"; };
		1FF37BD72267A20A0098AD23 /* Assets.xcassets */ = {isa = PBXFileReference; lastKnownFileType = folder.assetcatalog; path = Assets.xcassets; sourceTree = "<group>"; };
		1FF37BDA2267A20A0098AD23 /* Base */ = {isa = PBXFileReference; lastKnownFileType = file.storyboard; name = Base; path = Base.lproj/LaunchScreen.storyboard; sourceTree = "<group>"; };
		1FF37BDC2267A20A0098AD23 /* Info.plist */ = {isa = PBXFileReference; lastKnownFileType = text.plist.xml; path = Info.plist; sourceTree = "<group>"; };
		1FF37BE22267A30D0098AD23 /* CountingNavigationController.swift */ = {isa = PBXFileReference; lastKnownFileType = sourcecode.swift; path = CountingNavigationController.swift; sourceTree = "<group>"; };
		1FF37BE42267A34E0098AD23 /* GenericViewController.swift */ = {isa = PBXFileReference; lastKnownFileType = sourcecode.swift; path = GenericViewController.swift; sourceTree = "<group>"; };
/* End PBXFileReference section */

/* Begin PBXFrameworksBuildPhase section */
		1FF37BCA2267A2070098AD23 /* Frameworks */ = {
			isa = PBXFrameworksBuildPhase;
			buildActionMask = 2147483647;
			files = (
			);
			runOnlyForDeploymentPostprocessing = 0;
		};
/* End PBXFrameworksBuildPhase section */

/* Begin PBXGroup section */
		1FF37BC42267A2070098AD23 = {
			isa = PBXGroup;
			children = (
				1FF37BCF2267A2070098AD23 /* Lab12-AdvancedStoryboard */,
				1FF37BCE2267A2070098AD23 /* Products */,
			);
			sourceTree = "<group>";
		};
		1FF37BCE2267A2070098AD23 /* Products */ = {
			isa = PBXGroup;
			children = (
				1FF37BCD2267A2070098AD23 /* Lab12-AdvancedStoryboard.app */,
			);
			name = Products;
			sourceTree = "<group>";
		};
		1FF37BCF2267A2070098AD23 /* Lab12-AdvancedStoryboard */ = {
			isa = PBXGroup;
			children = (
				1FF37BD02267A2070098AD23 /* AppDelegate.swift */,
				1FF37BD42267A2070098AD23 /* Main.storyboard */,
				1FF37BE22267A30D0098AD23 /* CountingNavigationController.swift */,
				1FF37BE42267A34E0098AD23 /* GenericViewController.swift */,
				1FF37BD72267A20A0098AD23 /* Assets.xcassets */,
				1FF37BD92267A20A0098AD23 /* LaunchScreen.storyboard */,
				1FF37BDC2267A20A0098AD23 /* Info.plist */,
			);
			path = "Lab12-AdvancedStoryboard";
			sourceTree = "<group>";
		};
/* End PBXGroup section */

/* Begin PBXNativeTarget section */
		1FF37BCC2267A2070098AD23 /* Lab12-AdvancedStoryboard */ = {
			isa = PBXNativeTarget;
			buildConfigurationList = 1FF37BDF2267A20A0098AD23 /* Build configuration list for PBXNativeTarget "Lab12-AdvancedStoryboard" */;
			buildPhases = (
				1FF37BC92267A2070098AD23 /* Sources */,
				1FF37BCA2267A2070098AD23 /* Frameworks */,
				1FF37BCB2267A2070098AD23 /* Resources */,
			);
			buildRules = (
			);
			dependencies = (
			);
			name = "Lab12-AdvancedStoryboard";
			productName = "Lab12-AdvancedStoryboard";
			productReference = 1FF37BCD2267A2070098AD23 /* Lab12-AdvancedStoryboard.app */;
			productType = "com.apple.product-type.application";
		};
/* End PBXNativeTarget section */

/* Begin PBXProject section */
		1FF37BC52267A2070098AD23 /* Project object */ = {
			isa = PBXProject;
			attributes = {
				LastSwiftUpdateCheck = 1010;
				LastUpgradeCheck = 1010;
				ORGANIZATIONNAME = "Jordan Soeder";
				TargetAttributes = {
					1FF37BCC2267A2070098AD23 = {
						CreatedOnToolsVersion = 10.1;
					};
				};
			};
			buildConfigurationList = 1FF37BC82267A2070098AD23 /* Build configuration list for PBXProject "Lab12-AdvancedStoryboard" */;
			compatibilityVersion = "Xcode 9.3";
			developmentRegion = en;
			hasScannedForEncodings = 0;
			knownRegions = (
				en,
				Base,
			);
			mainGroup = 1FF37BC42267A2070098AD23;
			productRefGroup = 1FF37BCE2267A2070098AD23 /* Products */;
			projectDirPath = "";
			projectRoot = "";
			targets = (
				1FF37BCC2267A2070098AD23 /* Lab12-AdvancedStoryboard */,
			);
		};
/* End PBXProject section */

/* Begin PBXResourcesBuildPhase section */
		1FF37BCB2267A2070098AD23 /* Resources */ = {
			isa = PBXResourcesBuildPhase;
			buildActionMask = 2147483647;
			files = (
				1FF37BDB2267A20A0098AD23 /* LaunchScreen.storyboard in Resources */,
				1FF37BD82267A20A0098AD23 /* Assets.xcassets in Resources */,
				1FF37BD62267A2070098AD23 /* Main.storyboard in Resources */,
			);
			runOnlyForDeploymentPostprocessing = 0;
		};
/* End PBXResourcesBuildPhase section */

/* Begin PBXSourcesBuildPhase section */
		1FF37BC92267A2070098AD23 /* Sources */ = {
			isa = PBXSourcesBuildPhase;
			buildActionMask = 2147483647;
			files = (
				1FF37BE52267A34E0098AD23 /* GenericViewController.swift in Sources */,
				1FF37BE32267A30D0098AD23 /* CountingNavigationController.swift in Sources */,
				1FF37BD12267A2070098AD23 /* AppDelegate.swift in Sources */,
			);
			runOnlyForDeploymentPostprocessing = 0;
		};
/* End PBXSourcesBuildPhase section */

/* Begin PBXVariantGroup section */
		1FF37BD42267A2070098AD23 /* Main.storyboard */ = {
			isa = PBXVariantGroup;
			children = (
				1FF37BD52267A2070098AD23 /* Base */,
			);
			name = Main.storyboard;
			sourceTree = "<group>";
		};
		1FF37BD92267A20A0098AD23 /* LaunchScreen.storyboard */ = {
			isa = PBXVariantGroup;
			children = (
				1FF37BDA2267A20A0098AD23 /* Base */,
			);
			name = LaunchScreen.storyboard;
			sourceTree = "<group>";
		};
/* End PBXVariantGroup section */

/* Begin XCBuildConfiguration section */
		1FF37BDD2267A20A0098AD23 /* Debug */ = {
			isa = XCBuildConfiguration;
			buildSettings = {
				ALWAYS_SEARCH_USER_PATHS = NO;
				CLANG_ANALYZER_NONNULL = YES;
				CLANG_ANALYZER_NUMBER_OBJECT_CONVERSION = YES_AGGRESSIVE;
				CLANG_CXX_LANGUAGE_STANDARD = "gnu++14";
				CLANG_CXX_LIBRARY = "libc++";
				CLANG_ENABLE_MODULES = YES;
				CLANG_ENABLE_OBJC_ARC = YES;
				CLANG_ENABLE_OBJC_WEAK = YES;
				CLANG_WARN_BLOCK_CAPTURE_AUTORELEASING = YES;
				CLANG_WARN_BOOL_CONVERSION = YES;
				CLANG_WARN_COMMA = YES;
				CLANG_WARN_CONSTANT_CONVERSION = YES;
				CLANG_WARN_DEPRECATED_OBJC_IMPLEMENTATIONS = YES;
				CLANG_WARN_DIRECT_OBJC_ISA_USAGE = YES_ERROR;
				CLANG_WARN_DOCUMENTATION_COMMENTS = YES;
				CLANG_WARN_EMPTY_BODY = YES;
				CLANG_WARN_ENUM_CONVERSION = YES;
				CLANG_WARN_INFINITE_RECURSION = YES;
				CLANG_WARN_INT_CONVERSION = YES;
				CLANG_WARN_NON_LITERAL_NULL_CONVERSION = YES;
				CLANG_WARN_OBJC_IMPLICIT_RETAIN_SELF = YES;
				CLANG_WARN_OBJC_LITERAL_CONVERSION = YES;
				CLANG_WARN_OBJC_ROOT_CLASS = YES_ERROR;
				CLANG_WARN_RANGE_LOOP_ANALYSIS = YES;
				CLANG_WARN_STRICT_PROTOTYPES = YES;
				CLANG_WARN_SUSPICIOUS_MOVE = YES;
				CLANG_WARN_UNGUARDED_AVAILABILITY = YES_AGGRESSIVE;
				CLANG_WARN_UNREACHABLE_CODE = YES;
				CLANG_WARN__DUPLICATE_METHOD_MATCH = YES;
				CODE_SIGN_IDENTITY = "iPhone Developer";
				COPY_PHASE_STRIP = NO;
				DEBUG_INFORMATION_FORMAT = dwarf;
				ENABLE_STRICT_OBJC_MSGSEND = YES;
				ENABLE_TESTABILITY = YES;
				GCC_C_LANGUAGE_STANDARD = gnu11;
				GCC_DYNAMIC_NO_PIC = NO;
				GCC_NO_COMMON_BLOCKS = YES;
				GCC_OPTIMIZATION_LEVEL = 0;
				GCC_PREPROCESSOR_DEFINITIONS = (
					"DEBUG=1",
					"$(inherited)",
				);
				GCC_WARN_64_TO_32_BIT_CONVERSION = YES;
				GCC_WARN_ABOUT_RETURN_TYPE = YES_ERROR;
				GCC_WARN_UNDECLARED_SELECTOR = YES;
				GCC_WARN_UNINITIALIZED_AUTOS = YES_AGGRESSIVE;
				GCC_WARN_UNUSED_FUNCTION = YES;
				GCC_WARN_UNUSED_VARIABLE = YES;
				IPHONEOS_DEPLOYMENT_TARGET = 12.1;
				MTL_ENABLE_DEBUG_INFO = INCLUDE_SOURCE;
				MTL_FAST_MATH = YES;
				ONLY_ACTIVE_ARCH = YES;
				SDKROOT = iphoneos;
				SWIFT_ACTIVE_COMPILATION_CONDITIONS = DEBUG;
				SWIFT_OPTIMIZATION_LEVEL = "-Onone";
			};
			name = Debug;
		};
		1FF37BDE2267A20A0098AD23 /* Release */ = {
			isa = XCBuildConfiguration;
			buildSettings = {
				ALWAYS_SEARCH_USER_PATHS = NO;
				CLANG_ANALYZER_NONNULL = YES;
				CLANG_ANALYZER_NUMBER_OBJECT_CONVERSION = YES_AGGRESSIVE;
				CLANG_CXX_LANGUAGE_STANDARD = "gnu++14";
				CLANG_CXX_LIBRARY = "libc++";
				CLANG_ENABLE_MODULES = YES;
				CLANG_ENABLE_OBJC_ARC = YES;
				CLANG_ENABLE_OBJC_WEAK = YES;
				CLANG_WARN_BLOCK_CAPTURE_AUTORELEASING = YES;
				CLANG_WARN_BOOL_CONVERSION = YES;
				CLANG_WARN_COMMA = YES;
				CLANG_WARN_CONSTANT_CONVERSION = YES;
				CLANG_WARN_DEPRECATED_OBJC_IMPLEMENTATIONS = YES;
				CLANG_WARN_DIRECT_OBJC_ISA_USAGE = YES_ERROR;
				CLANG_WARN_DOCUMENTATION_COMMENTS = YES;
				CLANG_WARN_EMPTY_BODY = YES;
				CLANG_WARN_ENUM_CONVERSION = YES;
				CLANG_WARN_INFINITE_RECURSION = YES;
				CLANG_WARN_INT_CONVERSION = YES;
				CLANG_WARN_NON_LITERAL_NULL_CONVERSION = YES;
				CLANG_WARN_OBJC_IMPLICIT_RETAIN_SELF = YES;
				CLANG_WARN_OBJC_LITERAL_CONVERSION = YES;
				CLANG_WARN_OBJC_ROOT_CLASS = YES_ERROR;
				CLANG_WARN_RANGE_LOOP_ANALYSIS = YES;
				CLANG_WARN_STRICT_PROTOTYPES = YES;
				CLANG_WARN_SUSPICIOUS_MOVE = YES;
				CLANG_WARN_UNGUARDED_AVAILABILITY = YES_AGGRESSIVE;
				CLANG_WARN_UNREACHABLE_CODE = YES;
				CLANG_WARN__DUPLICATE_METHOD_MATCH = YES;
				CODE_SIGN_IDENTITY = "iPhone Developer";
				COPY_PHASE_STRIP = NO;
				DEBUG_INFORMATION_FORMAT = "dwarf-with-dsym";
				ENABLE_NS_ASSERTIONS = NO;
				ENABLE_STRICT_OBJC_MSGSEND = YES;
				GCC_C_LANGUAGE_STANDARD = gnu11;
				GCC_NO_COMMON_BLOCKS = YES;
				GCC_WARN_64_TO_32_BIT_CONVERSION = YES;
				GCC_WARN_ABOUT_RETURN_TYPE = YES_ERROR;
				GCC_WARN_UNDECLARED_SELECTOR = YES;
				GCC_WARN_UNINITIALIZED_AUTOS = YES_AGGRESSIVE;
				GCC_WARN_UNUSED_FUNCTION = YES;
				GCC_WARN_UNUSED_VARIABLE = YES;
				IPHONEOS_DEPLOYMENT_TARGET = 12.1;
				MTL_ENABLE_DEBUG_INFO = NO;
				MTL_FAST_MATH = YES;
				SDKROOT = iphoneos;
				SWIFT_COMPILATION_MODE = wholemodule;
				SWIFT_OPTIMIZATION_LEVEL = "-O";
				VALIDATE_PRODUCT = YES;
			};
			name = Release;
		};
		1FF37BE02267A20A0098AD23 /* Debug */ = {
			isa = XCBuildConfiguration;
			buildSettings = {
				ASSETCATALOG_COMPILER_APPICON_NAME = AppIcon;
				CODE_SIGN_STYLE = Automatic;
				INFOPLIST_FILE = "Lab12-AdvancedStoryboard/Info.plist";
				LD_RUNPATH_SEARCH_PATHS = (
					"$(inherited)",
					"@executable_path/Frameworks",
				);
				PRODUCT_BUNDLE_IDENTIFIER = "jsoed.Lab12-AdvancedStoryboard";
				PRODUCT_NAME = "$(TARGET_NAME)";
				SWIFT_VERSION = 4.2;
				TARGETED_DEVICE_FAMILY = "1,2";
			};
			name = Debug;
		};
		1FF37BE12267A20A0098AD23 /* Release */ = {
			isa = XCBuildConfiguration;
			buildSettings = {
				ASSETCATALOG_COMPILER_APPICON_NAME = AppIcon;
				CODE_SIGN_STYLE = Automatic;
				INFOPLIST_FILE = "Lab12-AdvancedStoryboard/Info.plist";
				LD_RUNPATH_SEARCH_PATHS = (
					"$(inherited)",
					"@executable_path/Frameworks",
				);
				PRODUCT_BUNDLE_IDENTIFIER = "jsoed.Lab12-AdvancedStoryboard";
				PRODUCT_NAME = "$(TARGET_NAME)";
				SWIFT_VERSION = 4.2;
				TARGETED_DEVICE_FAMILY = "1,2";
			};
			name = Release;
		};
/* End XCBuildConfiguration section */

/* Begin XCConfigurationList section */
		1FF37BC82267A2070098AD23 /* Build configuration list for PBXProject "Lab12-AdvancedStoryboard" */ = {
			isa = XCConfigurationList;
			buildConfigurations = (
				1FF37BDD2267A20A0098AD23 /* Debug */,
				1FF37BDE2267A20A0098AD23 /* Release */,
			);
			defaultConfigurationIsVisible = 0;
			defaultConfigurationName = Release;
		};
		1FF37BDF2267A20A0098AD23 /* Build configuration list for PBXNativeTarget "Lab12-AdvancedStoryboard" */ = {
			isa = XCConfigurationList;
			buildConfigurations = (
				1FF37BE02267A20A0098AD23 /* Debug */,
				1FF37BE12267A20A0098AD23 /* Release */,
			);
			defaultConfigurationIsVisible = 0;
			defaultConfigurationName = Release;
		};
/* End XCConfigurationList section */
	};
	rootObject = 1FF37BC52267A2070098AD23 /* Project object */;
}
